
Microsoft Visual Studio Solution File, Format Version 12.00
# Visual Studio Version 17
VisualStudioVersion = 17.9.34622.214
MinimumVisualStudioVersion = 10.0.40219.1
Project("{FAE04EC0-301F-11D3-BF4B-00C04F79EFBC}") = "LacatusE_TemaCLI", "LacatusE_TemaCLI\LacatusE_TemaCLI.csproj", "{9E8349C8-BA3E-4136-B7FE-6D62A8593EA4}"
EndProject
Global
	GlobalSection(SolutionConfigurationPlatforms) = preSolution
		Debug|Any CPU = Debug|Any CPU
		Release|Any CPU = Release|Any CPU
	EndGlobalSection
	GlobalSection(ProjectConfigurationPlatforms) = postSolution
		{9E8349C8-BA3E-4136-B7FE-6D62A8593EA4}.Debug|Any CPU.ActiveCfg = Debug|Any CPU
		{9E8349C8-BA3E-4136-B7FE-6D62A8593EA4}.Debug|Any CPU.Build.0 = Debug|Any CPU
		{9E8349C8-BA3E-4136-B7FE-6D62A8593EA4}.Release|Any CPU.ActiveCfg = Release|Any CPU
		{9E8349C8-BA3E-4136-B7FE-6D62A8593EA4}.Release|Any CPU.Build.0 = Release|Any CPU
	EndGlobalSection
	GlobalSection(SolutionProperties) = preSolution
		HideSolutionNode = FALSE
	EndGlobalSection
	GlobalSection(ExtensibilityGlobals) = postSolution
		SolutionGuid = {13A0B852-7909-4149-B47F-5A33110CF4B6}
	EndGlobalSection
EndGlobal
